
Microsoft Visual Studio Solution File, Format Version 12.00
# Visual Studio 15
VisualStudioVersion = 15.0.28307.902
MinimumVisualStudioVersion = 10.0.40219.1
Project("{FAE04EC0-301F-11D3-BF4B-00C04F79EFBC}") = "DragAndDrop", "DragAndDrop\DragAndDrop.csproj", "{0A70471B-555C-41C0-A1C9-456EA8CD0C45}"
EndProject
Global
	GlobalSection(SolutionConfigurationPlatforms) = preSolution
		Debug|Any CPU = Debug|Any CPU
		Release|Any CPU = Release|Any CPU
	EndGlobalSection
	GlobalSection(ProjectConfigurationPlatforms) = postSolution
		{0A70471B-555C-41C0-A1C9-456EA8CD0C45}.Debug|Any CPU.ActiveCfg = Debug|Any CPU
		{0A70471B-555C-41C0-A1C9-456EA8CD0C45}.Debug|Any CPU.Build.0 = Debug|Any CPU
		{0A70471B-555C-41C0-A1C9-456EA8CD0C45}.Release|Any CPU.ActiveCfg = Release|Any CPU
		{0A70471B-555C-41C0-A1C9-456EA8CD0C45}.Release|Any CPU.Build.0 = Release|Any CPU
	EndGlobalSection
	GlobalSection(SolutionProperties) = preSolution
		HideSolutionNode = FALSE
	EndGlobalSection
	GlobalSection(ExtensibilityGlobals) = postSolution
		SolutionGuid = {73F7A965-F219-4E9A-BAAC-CEF276D10C6D}
	EndGlobalSection
EndGlobal
